
Microsoft Visual Studio Solution File, Format Version 12.00
# Visual Studio Version 17
VisualStudioVersion = 17.5.33414.496
MinimumVisualStudioVersion = 10.0.40219.1
Project("{FAE04EC0-301F-11D3-BF4B-00C04F79EFBC}") = "modul8_1302213089", "modul8_1302213089\modul8_1302213089.csproj", "{6A32F93D-88B9-4BC3-8D5C-BDCE37355B2D}"
EndProject
Global
	GlobalSection(SolutionConfigurationPlatforms) = preSolution
		Debug|Any CPU = Debug|Any CPU
		Release|Any CPU = Release|Any CPU
	EndGlobalSection
	GlobalSection(ProjectConfigurationPlatforms) = postSolution
		{6A32F93D-88B9-4BC3-8D5C-BDCE37355B2D}.Debug|Any CPU.ActiveCfg = Debug|Any CPU
		{6A32F93D-88B9-4BC3-8D5C-BDCE37355B2D}.Debug|Any CPU.Build.0 = Debug|Any CPU
		{6A32F93D-88B9-4BC3-8D5C-BDCE37355B2D}.Release|Any CPU.ActiveCfg = Release|Any CPU
		{6A32F93D-88B9-4BC3-8D5C-BDCE37355B2D}.Release|Any CPU.Build.0 = Release|Any CPU
	EndGlobalSection
	GlobalSection(SolutionProperties) = preSolution
		HideSolutionNode = FALSE
	EndGlobalSection
	GlobalSection(ExtensibilityGlobals) = postSolution
		SolutionGuid = {2B56C7C1-7652-4954-A680-2686FECA1C60}
	EndGlobalSection
EndGlobal
